// !$*UTF8*$!
{
	archiveVersion = 1;
	classes = {
	};
	objectVersion = 46;
	objects = {

/* Begin PBXBuildFile section */
		17874EE01AD9720500092BC4 /* main.m in Sources */ = {isa = PBXBuildFile; fileRef = 17874EDF1AD9720500092BC4 /* main.m */; };
		17874EE31AD9720500092BC4 /* AppDelegate.m in Sources */ = {isa = PBXBuildFile; fileRef = 17874EE21AD9720500092BC4 /* AppDelegate.m */; };
		17874EE61AD9720500092BC4 /* ViewController.m in Sources */ = {isa = PBXBuildFile; fileRef = 17874EE51AD9720500092BC4 /* ViewController.m */; };
		17874EE91AD9720500092BC4 /* Main.storyboard in Resources */ = {isa = PBXBuildFile; fileRef = 17874EE71AD9720500092BC4 /* Main.storyboard */; };
		17874EEB1AD9720500092BC4 /* Images.xcassets in Resources */ = {isa = PBXBuildFile; fileRef = 17874EEA1AD9720500092BC4 /* Images.xcassets */; };
		17874EEE1AD9720500092BC4 /* LaunchScreen.xib in Resources */ = {isa = PBXBuildFile; fileRef = 17874EEC1AD9720500092BC4 /* LaunchScreen.xib */; };
		17874EFA1AD9720500092BC4 /* CMLoggerTests.m in Sources */ = {isa = PBXBuildFile; fileRef = 17874EF91AD9720500092BC4 /* CMLoggerTests.m */; };
		17874F0A1AD9726000092BC4 /* ConsoleLogURLProtocol.m in Sources */ = {isa = PBXBuildFile; fileRef = 17874F051AD9726000092BC4 /* ConsoleLogURLProtocol.m */; };
		17874F0B1AD9726000092BC4 /* CMLogger.m in Sources */ = {isa = PBXBuildFile; fileRef = 17874F071AD9726000092BC4 /* CMLogger.m */; };
		17874F0C1AD9726000092BC4 /* SettingOptionsViewController.m in Sources */ = {isa = PBXBuildFile; fileRef = 17874F091AD9726000092BC4 /* SettingOptionsViewController.m */; };
/* End PBXBuildFile section */

/* Begin PBXContainerItemProxy section */
		17874EF41AD9720500092BC4 /* PBXContainerItemProxy */ = {
			isa = PBXContainerItemProxy;
			containerPortal = 17874ED21AD9720500092BC4 /* Project object */;
			proxyType = 1;
			remoteGlobalIDString = 17874ED91AD9720500092BC4;
			remoteInfo = MFLog;
		};
/* End PBXContainerItemProxy section */

/* Begin PBXFileReference section */
		17874EDA1AD9720500092BC4 /* CMLogger.app */ = {isa = PBXFileReference; explicitFileType = wrapper.application; includeInIndex = 0; path = CMLogger.app; sourceTree = BUILT_PRODUCTS_DIR; };
		17874EDE1AD9720500092BC4 /* Info.plist */ = {isa = PBXFileReference; lastKnownFileType = text.plist.xml; path = Info.plist; sourceTree = "<group>"; };
		17874EDF1AD9720500092BC4 /* main.m */ = {isa = PBXFileReference; lastKnownFileType = sourcecode.c.objc; path = main.m; sourceTree = "<group>"; };
		17874EE11AD9720500092BC4 /* AppDelegate.h */ = {isa = PBXFileReference; lastKnownFileType = sourcecode.c.h; path = AppDelegate.h; sourceTree = "<group>"; };
		17874EE21AD9720500092BC4 /* AppDelegate.m */ = {isa = PBXFileReference; lastKnownFileType = sourcecode.c.objc; path = AppDelegate.m; sourceTree = "<group>"; };
		17874EE41AD9720500092BC4 /* ViewController.h */ = {isa = PBXFileReference; lastKnownFileType = sourcecode.c.h; path = ViewController.h; sourceTree = "<group>"; };
		17874EE51AD9720500092BC4 /* ViewController.m */ = {isa = PBXFileReference; lastKnownFileType = sourcecode.c.objc; path = ViewController.m; sourceTree = "<group>"; };
		17874EE81AD9720500092BC4 /* Base */ = {isa = PBXFileReference; lastKnownFileType = file.storyboard; name = Base; path = Base.lproj/Main.storyboard; sourceTree = "<group>"; };
		17874EEA1AD9720500092BC4 /* Images.xcassets */ = {isa = PBXFileReference; lastKnownFileType = folder.assetcatalog; path = Images.xcassets; sourceTree = "<group>"; };
		17874EED1AD9720500092BC4 /* Base */ = {isa = PBXFileReference; lastKnownFileType = file.xib; name = Base; path = Base.lproj/LaunchScreen.xib; sourceTree = "<group>"; };
		17874EF31AD9720500092BC4 /* CMLogger.xctest */ = {isa = PBXFileReference; explicitFileType = wrapper.cfbundle; includeInIndex = 0; path = CMLogger.xctest; sourceTree = BUILT_PRODUCTS_DIR; };
		17874EF81AD9720500092BC4 /* Info.plist */ = {isa = PBXFileReference; lastKnownFileType = text.plist.xml; path = Info.plist; sourceTree = "<group>"; };
		17874EF91AD9720500092BC4 /* CMLoggerTests.m */ = {isa = PBXFileReference; lastKnownFileType = sourcecode.c.objc; path = CMLoggerTests.m; sourceTree = "<group>"; };
		17874F041AD9726000092BC4 /* ConsoleLogURLProtocol.h */ = {isa = PBXFileReference; fileEncoding = 4; lastKnownFileType = sourcecode.c.h; path = ConsoleLogURLProtocol.h; sourceTree = "<group>"; };
		17874F051AD9726000092BC4 /* ConsoleLogURLProtocol.m */ = {isa = PBXFileReference; fileEncoding = 4; lastKnownFileType = sourcecode.c.objc; path = ConsoleLogURLProtocol.m; sourceTree = "<group>"; };
		17874F061AD9726000092BC4 /* CMLogger.h */ = {isa = PBXFileReference; fileEncoding = 4; lastKnownFileType = sourcecode.c.h; path = CMLogger.h; sourceTree = "<group>"; };
		17874F071AD9726000092BC4 /* CMLogger.m */ = {isa = PBXFileReference; fileEncoding = 4; lastKnownFileType = sourcecode.c.objc; path = CMLogger.m; sourceTree = "<group>"; };
		17874F081AD9726000092BC4 /* SettingOptionsViewController.h */ = {isa = PBXFileReference; fileEncoding = 4; lastKnownFileType = sourcecode.c.h; path = SettingOptionsViewController.h; sourceTree = "<group>"; };
		17874F091AD9726000092BC4 /* SettingOptionsViewController.m */ = {isa = PBXFileReference; fileEncoding = 4; lastKnownFileType = sourcecode.c.objc; path = SettingOptionsViewController.m; sourceTree = "<group>"; };
/* End PBXFileReference section */

/* Begin PBXFrameworksBuildPhase section */
		17874ED71AD9720500092BC4 /* Frameworks */ = {
			isa = PBXFrameworksBuildPhase;
			buildActionMask = 2147483647;
			files = (
			);
			runOnlyForDeploymentPostprocessing = 0;
		};
		17874EF01AD9720500092BC4 /* Frameworks */ = {
			isa = PBXFrameworksBuildPhase;
			buildActionMask = 2147483647;
			files = (
			);
			runOnlyForDeploymentPostprocessing = 0;
		};
/* End PBXFrameworksBuildPhase section */

/* Begin PBXGroup section */
		17874ED11AD9720500092BC4 = {
			isa = PBXGroup;
			children = (
				17874F031AD9726000092BC4 /* CMLoggerNative */,
				17874EDC1AD9720500092BC4 /* CMLogger */,
				17874EF61AD9720500092BC4 /* CMLoggerTests */,
				17874EDB1AD9720500092BC4 /* Products */,
			);
			sourceTree = "<group>";
		};
		17874EDB1AD9720500092BC4 /* Products */ = {
			isa = PBXGroup;
			children = (
				17874EDA1AD9720500092BC4 /* CMLogger.app */,
				17874EF31AD9720500092BC4 /* CMLogger.xctest */,
			);
			name = Products;
			sourceTree = "<group>";
		};
		17874EDC1AD9720500092BC4 /* CMLogger */ = {
			isa = PBXGroup;
			children = (
				17874EE11AD9720500092BC4 /* AppDelegate.h */,
				17874EE21AD9720500092BC4 /* AppDelegate.m */,
				17874EE41AD9720500092BC4 /* ViewController.h */,
				17874EE51AD9720500092BC4 /* ViewController.m */,
				17874EE71AD9720500092BC4 /* Main.storyboard */,
				17874EEA1AD9720500092BC4 /* Images.xcassets */,
				17874EEC1AD9720500092BC4 /* LaunchScreen.xib */,
				17874EDD1AD9720500092BC4 /* Supporting Files */,
			);
			path = CMLogger;
			sourceTree = "<group>";
		};
		17874EDD1AD9720500092BC4 /* Supporting Files */ = {
			isa = PBXGroup;
			children = (
				17874EDE1AD9720500092BC4 /* Info.plist */,
				17874EDF1AD9720500092BC4 /* main.m */,
			);
			name = "Supporting Files";
			sourceTree = "<group>";
		};
		17874EF61AD9720500092BC4 /* CMLoggerTests */ = {
			isa = PBXGroup;
			children = (
				17874EF91AD9720500092BC4 /* CMLoggerTests.m */,
				17874EF71AD9720500092BC4 /* Supporting Files */,
			);
			path = CMLoggerTests;
			sourceTree = "<group>";
		};
		17874EF71AD9720500092BC4 /* Supporting Files */ = {
			isa = PBXGroup;
			children = (
				17874EF81AD9720500092BC4 /* Info.plist */,
			);
			name = "Supporting Files";
			sourceTree = "<group>";
		};
		17874F031AD9726000092BC4 /* CMLoggerNative */ = {
			isa = PBXGroup;
			children = (
				17874F041AD9726000092BC4 /* ConsoleLogURLProtocol.h */,
				17874F051AD9726000092BC4 /* ConsoleLogURLProtocol.m */,
				17874F061AD9726000092BC4 /* CMLogger.h */,
				17874F071AD9726000092BC4 /* CMLogger.m */,
				17874F081AD9726000092BC4 /* SettingOptionsViewController.h */,
				17874F091AD9726000092BC4 /* SettingOptionsViewController.m */,
			);
			name = CMLoggerNative;
			path = CMLogger/CMLoggerNative;
			sourceTree = "<group>";
		};
/* End PBXGroup section */

/* Begin PBXNativeTarget section */
		17874ED91AD9720500092BC4 /* CMLogger */ = {
			isa = PBXNativeTarget;
			buildConfigurationList = 17874EFD1AD9720500092BC4 /* Build configuration list for PBXNativeTarget "CMLogger" */;
			buildPhases = (
				17874ED61AD9720500092BC4 /* Sources */,
				17874ED71AD9720500092BC4 /* Frameworks */,
				17874ED81AD9720500092BC4 /* Resources */,
			);
			buildRules = (
			);
			dependencies = (
			);
			name = CMLogger;
			productName = MFLog;
			productReference = 17874EDA1AD9720500092BC4 /* CMLogger.app */;
			productType = "com.apple.product-type.application";
		};
		17874EF21AD9720500092BC4 /* CMLoggerTests */ = {
			isa = PBXNativeTarget;
			buildConfigurationList = 17874F001AD9720500092BC4 /* Build configuration list for PBXNativeTarget "CMLoggerTests" */;
			buildPhases = (
				17874EEF1AD9720500092BC4 /* Sources */,
				17874EF01AD9720500092BC4 /* Frameworks */,
				17874EF11AD9720500092BC4 /* Resources */,
			);
			buildRules = (
			);
			dependencies = (
				17874EF51AD9720500092BC4 /* PBXTargetDependency */,
			);
			name = CMLoggerTests;
			productName = MFLogTests;
			productReference = 17874EF31AD9720500092BC4 /* CMLogger.xctest */;
			productType = "com.apple.product-type.bundle.unit-test";
		};
/* End PBXNativeTarget section */

/* Begin PBXProject section */
		17874ED21AD9720500092BC4 /* Project object */ = {
			isa = PBXProject;
			attributes = {
				LastUpgradeCheck = 0630;
				ORGANIZATIONNAME = xiangwenwen;
				TargetAttributes = {
					17874ED91AD9720500092BC4 = {
						CreatedOnToolsVersion = 6.3;
					};
					17874EF21AD9720500092BC4 = {
						CreatedOnToolsVersion = 6.3;
						TestTargetID = 17874ED91AD9720500092BC4;
					};
				};
			};
			buildConfigurationList = 17874ED51AD9720500092BC4 /* Build configuration list for PBXProject "CMLogger" */;
			compatibilityVersion = "Xcode 3.2";
			developmentRegion = English;
			hasScannedForEncodings = 0;
			knownRegions = (
				en,
				Base,
			);
			mainGroup = 17874ED11AD9720500092BC4;
			productRefGroup = 17874EDB1AD9720500092BC4 /* Products */;
			projectDirPath = "";
			projectRoot = "";
			targets = (
				17874ED91AD9720500092BC4 /* CMLogger */,
				17874EF21AD9720500092BC4 /* CMLoggerTests */,
			);
		};
/* End PBXProject section */

/* Begin PBXResourcesBuildPhase section */
		17874ED81AD9720500092BC4 /* Resources */ = {
			isa = PBXResourcesBuildPhase;
			buildActionMask = 2147483647;
			files = (
				17874EE91AD9720500092BC4 /* Main.storyboard in Resources */,
				17874EEE1AD9720500092BC4 /* LaunchScreen.xib in Resources */,
				17874EEB1AD9720500092BC4 /* Images.xcassets in Resources */,
			);
			runOnlyForDeploymentPostprocessing = 0;
		};
		17874EF11AD9720500092BC4 /* Resources */ = {
			isa = PBXResourcesBuildPhase;
			buildActionMask = 2147483647;
			files = (
			);
			runOnlyForDeploymentPostprocessing = 0;
		};
/* End PBXResourcesBuildPhase section */

/* Begin PBXSourcesBuildPhase section */
		17874ED61AD9720500092BC4 /* Sources */ = {
			isa = PBXSourcesBuildPhase;
			buildActionMask = 2147483647;
			files = (
				17874F0C1AD9726000092BC4 /* SettingOptionsViewController.m in Sources */,
				17874F0B1AD9726000092BC4 /* CMLogger.m in Sources */,
				17874F0A1AD9726000092BC4 /* ConsoleLogURLProtocol.m in Sources */,
				17874EE61AD9720500092BC4 /* ViewController.m in Sources */,
				17874EE31AD9720500092BC4 /* AppDelegate.m in Sources */,
				17874EE01AD9720500092BC4 /* main.m in Sources */,
			);
			runOnlyForDeploymentPostprocessing = 0;
		};
		17874EEF1AD9720500092BC4 /* Sources */ = {
			isa = PBXSourcesBuildPhase;
			buildActionMask = 2147483647;
			files = (
				17874EFA1AD9720500092BC4 /* CMLoggerTests.m in Sources */,
			);
			runOnlyForDeploymentPostprocessing = 0;
		};
/* End PBXSourcesBuildPhase section */

/* Begin PBXTargetDependency section */
		17874EF51AD9720500092BC4 /* PBXTargetDependency */ = {
			isa = PBXTargetDependency;
			target = 17874ED91AD9720500092BC4 /* CMLogger */;
			targetProxy = 17874EF41AD9720500092BC4 /* PBXContainerItemProxy */;
		};
/* End PBXTargetDependency section */

/* Begin PBXVariantGroup section */
		17874EE71AD9720500092BC4 /* Main.storyboard */ = {
			isa = PBXVariantGroup;
			children = (
				17874EE81AD9720500092BC4 /* Base */,
			);
			name = Main.storyboard;
			sourceTree = "<group>";
		};
		17874EEC1AD9720500092BC4 /* LaunchScreen.xib */ = {
			isa = PBXVariantGroup;
			children = (
				17874EED1AD9720500092BC4 /* Base */,
			);
			name = LaunchScreen.xib;
			sourceTree = "<group>";
		};
/* End PBXVariantGroup section */

/* Begin XCBuildConfiguration section */
		17874EFB1AD9720500092BC4 /* Debug */ = {
			isa = XCBuildConfiguration;
			buildSettings = {
				ALWAYS_SEARCH_USER_PATHS = NO;
				CLANG_CXX_LANGUAGE_STANDARD = "gnu++0x";
				CLANG_CXX_LIBRARY = "libc++";
				CLANG_ENABLE_MODULES = YES;
				CLANG_ENABLE_OBJC_ARC = YES;
				CLANG_WARN_BOOL_CONVERSION = YES;
				CLANG_WARN_CONSTANT_CONVERSION = YES;
				CLANG_WARN_DIRECT_OBJC_ISA_USAGE = YES_ERROR;
				CLANG_WARN_EMPTY_BODY = YES;
				CLANG_WARN_ENUM_CONVERSION = YES;
				CLANG_WARN_INT_CONVERSION = YES;
				CLANG_WARN_OBJC_ROOT_CLASS = YES_ERROR;
				CLANG_WARN_UNREACHABLE_CODE = YES;
				CLANG_WARN__DUPLICATE_METHOD_MATCH = YES;
				"CODE_SIGN_IDENTITY[sdk=iphoneos*]" = "iPhone Developer";
				COPY_PHASE_STRIP = NO;
				DEBUG_INFORMATION_FORMAT = "dwarf-with-dsym";
				ENABLE_STRICT_OBJC_MSGSEND = YES;
				GCC_C_LANGUAGE_STANDARD = gnu99;
				GCC_DYNAMIC_NO_PIC = NO;
				GCC_NO_COMMON_BLOCKS = YES;
				GCC_OPTIMIZATION_LEVEL = 0;
				GCC_PREPROCESSOR_DEFINITIONS = (
					"DEBUG=1",
					"$(inherited)",
				);
				GCC_SYMBOLS_PRIVATE_EXTERN = NO;
				GCC_WARN_64_TO_32_BIT_CONVERSION = YES;
				GCC_WARN_ABOUT_RETURN_TYPE = YES_ERROR;
				GCC_WARN_UNDECLARED_SELECTOR = YES;
				GCC_WARN_UNINITIALIZED_AUTOS = YES_AGGRESSIVE;
				GCC_WARN_UNUSED_FUNCTION = YES;
				GCC_WARN_UNUSED_VARIABLE = YES;
				IPHONEOS_DEPLOYMENT_TARGET = 8.3;
				MTL_ENABLE_DEBUG_INFO = YES;
				ONLY_ACTIVE_ARCH = YES;
				SDKROOT = iphoneos;
			};
			name = Debug;
		};
		17874EFC1AD9720500092BC4 /* Release */ = {
			isa = XCBuildConfiguration;
			buildSettings = {
				ALWAYS_SEARCH_USER_PATHS = NO;
				CLANG_CXX_LANGUAGE_STANDARD = "gnu++0x";
				CLANG_CXX_LIBRARY = "libc++";
				CLANG_ENABLE_MODULES = YES;
				CLANG_ENABLE_OBJC_ARC = YES;
				CLANG_WARN_BOOL_CONVERSION = YES;
				CLANG_WARN_CONSTANT_CONVERSION = YES;
				CLANG_WARN_DIRECT_OBJC_ISA_USAGE = YES_ERROR;
				CLANG_WARN_EMPTY_BODY = YES;
				CLANG_WARN_ENUM_CONVERSION = YES;
				CLANG_WARN_INT_CONVERSION = YES;
				CLANG_WARN_OBJC_ROOT_CLASS = YES_ERROR;
				CLANG_WARN_UNREACHABLE_CODE = YES;
				CLANG_WARN__DUPLICATE_METHOD_MATCH = YES;
				"CODE_SIGN_IDENTITY[sdk=iphoneos*]" = "iPhone Developer";
				COPY_PHASE_STRIP = NO;
				DEBUG_INFORMATION_FORMAT = "dwarf-with-dsym";
				ENABLE_NS_ASSERTIONS = NO;
				ENABLE_STRICT_OBJC_MSGSEND = YES;
				GCC_C_LANGUAGE_STANDARD = gnu99;
				GCC_NO_COMMON_BLOCKS = YES;
				GCC_WARN_64_TO_32_BIT_CONVERSION = YES;
				GCC_WARN_ABOUT_RETURN_TYPE = YES_ERROR;
				GCC_WARN_UNDECLARED_SELECTOR = YES;
				GCC_WARN_UNINITIALIZED_AUTOS = YES_AGGRESSIVE;
				GCC_WARN_UNUSED_FUNCTION = YES;
				GCC_WARN_UNUSED_VARIABLE = YES;
				IPHONEOS_DEPLOYMENT_TARGET = 8.3;
				MTL_ENABLE_DEBUG_INFO = NO;
				SDKROOT = iphoneos;
				VALIDATE_PRODUCT = YES;
			};
			name = Release;
		};
		17874EFE1AD9720500092BC4 /* Debug */ = {
			isa = XCBuildConfiguration;
			buildSettings = {
				ASSETCATALOG_COMPILER_APPICON_NAME = AppIcon;
				INFOPLIST_FILE = "$(SRCROOT)/CMLogger/Info.plist";
				LD_RUNPATH_SEARCH_PATHS = "$(inherited) @executable_path/Frameworks";
				PRODUCT_BUNDLE_IDENTIFIER = wen.CMLogger;
				PRODUCT_NAME = CMLogger;
			};
			name = Debug;
		};
		17874EFF1AD9720500092BC4 /* Release */ = {
			isa = XCBuildConfiguration;
			buildSettings = {
				ASSETCATALOG_COMPILER_APPICON_NAME = AppIcon;
				INFOPLIST_FILE = "$(SRCROOT)/CMLogger/Info.plist";
				LD_RUNPATH_SEARCH_PATHS = "$(inherited) @executable_path/Frameworks";
				PRODUCT_BUNDLE_IDENTIFIER = wen.CMLogger;
				PRODUCT_NAME = CMLogger;
			};
			name = Release;
		};
		17874F011AD9720500092BC4 /* Debug */ = {
			isa = XCBuildConfiguration;
			buildSettings = {
				BUNDLE_LOADER = "$(TEST_HOST)";
				FRAMEWORK_SEARCH_PATHS = (
					"$(SDKROOT)/Developer/Library/Frameworks",
					"$(inherited)",
				);
				GCC_PREPROCESSOR_DEFINITIONS = (
					"DEBUG=1",
					"$(inherited)",
				);
				INFOPLIST_FILE = MFLogTests/Info.plist;
				LD_RUNPATH_SEARCH_PATHS = "$(inherited) @executable_path/Frameworks @loader_path/Frameworks";
				PRODUCT_NAME = CMLogger;
				TEST_HOST = "$(BUILT_PRODUCTS_DIR)/CMLogger.app/CMLogger";
			};
			name = Debug;
		};
		17874F021AD9720500092BC4 /* Release */ = {
			isa = XCBuildConfiguration;
			buildSettings = {
				BUNDLE_LOADER = "$(TEST_HOST)";
				FRAMEWORK_SEARCH_PATHS = (
					"$(SDKROOT)/Developer/Library/Frameworks",
					"$(inherited)",
				);
				INFOPLIST_FILE = MFLogTests/Info.plist;
				LD_RUNPATH_SEARCH_PATHS = "$(inherited) @executable_path/Frameworks @loader_path/Frameworks";
				PRODUCT_NAME = CMLogger;
				TEST_HOST = "$(BUILT_PRODUCTS_DIR)/CMLogger.app/CMLogger";
			};
			name = Release;
		};
/* End XCBuildConfiguration section */

/* Begin XCConfigurationList section */
		17874ED51AD9720500092BC4 /* Build configuration list for PBXProject "CMLogger" */ = {
			isa = XCConfigurationList;
			buildConfigurations = (
				17874EFB1AD9720500092BC4 /* Debug */,
				17874EFC1AD9720500092BC4 /* Release */,
			);
			defaultConfigurationIsVisible = 0;
			defaultConfigurationName = Release;
		};
		17874EFD1AD9720500092BC4 /* Build configuration list for PBXNativeTarget "CMLogger" */ = {
			isa = XCConfigurationList;
			buildConfigurations = (
				17874EFE1AD9720500092BC4 /* Debug */,
				17874EFF1AD9720500092BC4 /* Release */,
			);
			defaultConfigurationIsVisible = 0;
			defaultConfigurationName = Release;
		};
		17874F001AD9720500092BC4 /* Build configuration list for PBXNativeTarget "CMLoggerTests" */ = {
			isa = XCConfigurationList;
			buildConfigurations = (
				17874F011AD9720500092BC4 /* Debug */,
				17874F021AD9720500092BC4 /* Release */,
			);
			defaultConfigurationIsVisible = 0;
			defaultConfigurationName = Release;
		};
/* End XCConfigurationList section */
	};
	rootObject = 17874ED21AD9720500092BC4 /* Project object */;
}
